
Microsoft Visual Studio Solution File, Format Version 12.00
# Visual Studio Version 16
VisualStudioVersion = 16.0.29025.244
MinimumVisualStudioVersion = 10.0.40219.1
Project("{FAE04EC0-301F-11D3-BF4B-00C04F79EFBC}") = "engie_dashboard", "engie_dashboard\engie_dashboard.csproj", "{45BB73D2-F2C3-4790-B5A8-E764A57A0F8D}"
EndProject
Global
	GlobalSection(SolutionConfigurationPlatforms) = preSolution
		Debug|Any CPU = Debug|Any CPU
		Release|Any CPU = Release|Any CPU
	EndGlobalSection
	GlobalSection(ProjectConfigurationPlatforms) = postSolution
		{45BB73D2-F2C3-4790-B5A8-E764A57A0F8D}.Debug|Any CPU.ActiveCfg = Debug|Any CPU
		{45BB73D2-F2C3-4790-B5A8-E764A57A0F8D}.Debug|Any CPU.Build.0 = Debug|Any CPU
		{45BB73D2-F2C3-4790-B5A8-E764A57A0F8D}.Release|Any CPU.ActiveCfg = Release|Any CPU
		{45BB73D2-F2C3-4790-B5A8-E764A57A0F8D}.Release|Any CPU.Build.0 = Release|Any CPU
	EndGlobalSection
	GlobalSection(SolutionProperties) = preSolution
		HideSolutionNode = FALSE
	EndGlobalSection
	GlobalSection(ExtensibilityGlobals) = postSolution
		SolutionGuid = {E19DE0D9-059A-41BA-B0AA-B28BB791EC67}
	EndGlobalSection
EndGlobal
